// !$*UTF8*$!
{
	archiveVersion = 1;
	classes = {
	};
	objectVersion = 46;
	objects = {

/* Begin PBXBuildFile section */
		4817221E1E6EA25700184149 /* main.m in Sources */ = {isa = PBXBuildFile; fileRef = 4817221D1E6EA25700184149 /* main.m */; };
		481722211E6EA25700184149 /* AppDelegate.m in Sources */ = {isa = PBXBuildFile; fileRef = 481722201E6EA25700184149 /* AppDelegate.m */; };
		481722241E6EA25700184149 /* MasterViewController.m in Sources */ = {isa = PBXBuildFile; fileRef = 481722231E6EA25700184149 /* MasterViewController.m */; };
		481722271E6EA25700184149 /* DetailViewController.m in Sources */ = {isa = PBXBuildFile; fileRef = 481722261E6EA25700184149 /* DetailViewController.m */; };
		4817222A1E6EA25700184149 /* Main.storyboard in Resources */ = {isa = PBXBuildFile; fileRef = 481722281E6EA25700184149 /* Main.storyboard */; };
		4817222C1E6EA25700184149 /* Assets.xcassets in Resources */ = {isa = PBXBuildFile; fileRef = 4817222B1E6EA25700184149 /* Assets.xcassets */; };
		4817222F1E6EA25700184149 /* LaunchScreen.storyboard in Resources */ = {isa = PBXBuildFile; fileRef = 4817222D1E6EA25700184149 /* LaunchScreen.storyboard */; };
		481722391E6EA29100184149 /* LYSInsetLabel.m in Sources */ = {isa = PBXBuildFile; fileRef = 481722381E6EA29100184149 /* LYSInsetLabel.m */; };
/* End PBXBuildFile section */

/* Begin PBXFileReference section */
		481722191E6EA25700184149 /* LYSInsetLabel.app */ = {isa = PBXFileReference; explicitFileType = wrapper.application; includeInIndex = 0; path = LYSInsetLabel.app; sourceTree = BUILT_PRODUCTS_DIR; };
		4817221D1E6EA25700184149 /* main.m */ = {isa = PBXFileReference; lastKnownFileType = sourcecode.c.objc; path = main.m; sourceTree = "<group>"; };
		4817221F1E6EA25700184149 /* AppDelegate.h */ = {isa = PBXFileReference; lastKnownFileType = sourcecode.c.h; path = AppDelegate.h; sourceTree = "<group>"; };
		481722201E6EA25700184149 /* AppDelegate.m */ = {isa = PBXFileReference; lastKnownFileType = sourcecode.c.objc; path = AppDelegate.m; sourceTree = "<group>"; };
		481722221E6EA25700184149 /* MasterViewController.h */ = {isa = PBXFileReference; lastKnownFileType = sourcecode.c.h; path = MasterViewController.h; sourceTree = "<group>"; };
		481722231E6EA25700184149 /* MasterViewController.m */ = {isa = PBXFileReference; lastKnownFileType = sourcecode.c.objc; path = MasterViewController.m; sourceTree = "<group>"; };
		481722251E6EA25700184149 /* DetailViewController.h */ = {isa = PBXFileReference; lastKnownFileType = sourcecode.c.h; path = DetailViewController.h; sourceTree = "<group>"; };
		481722261E6EA25700184149 /* DetailViewController.m */ = {isa = PBXFileReference; lastKnownFileType = sourcecode.c.objc; path = DetailViewController.m; sourceTree = "<group>"; };
		481722291E6EA25700184149 /* Base */ = {isa = PBXFileReference; lastKnownFileType = file.storyboard; name = Base; path = Base.lproj/Main.storyboard; sourceTree = "<group>"; };
		4817222B1E6EA25700184149 /* Assets.xcassets */ = {isa = PBXFileReference; lastKnownFileType = folder.assetcatalog; path = Assets.xcassets; sourceTree = "<group>"; };
		4817222E1E6EA25700184149 /* Base */ = {isa = PBXFileReference; lastKnownFileType = file.storyboard; name = Base; path = Base.lproj/LaunchScreen.storyboard; sourceTree = "<group>"; };
		481722301E6EA25800184149 /* Info.plist */ = {isa = PBXFileReference; lastKnownFileType = text.plist.xml; path = Info.plist; sourceTree = "<group>"; };
		481722371E6EA29100184149 /* LYSInsetLabel.h */ = {isa = PBXFileReference; fileEncoding = 4; lastKnownFileType = sourcecode.c.h; path = LYSInsetLabel.h; sourceTree = "<group>"; };
		481722381E6EA29100184149 /* LYSInsetLabel.m */ = {isa = PBXFileReference; fileEncoding = 4; lastKnownFileType = sourcecode.c.objc; path = LYSInsetLabel.m; sourceTree = "<group>"; };
/* End PBXFileReference section */

/* Begin PBXFrameworksBuildPhase section */
		481722161E6EA25700184149 /* Frameworks */ = {
			isa = PBXFrameworksBuildPhase;
			buildActionMask = 2147483647;
			files = (
			);
			runOnlyForDeploymentPostprocessing = 0;
		};
/* End PBXFrameworksBuildPhase section */

/* Begin PBXGroup section */
		481722101E6EA25700184149 = {
			isa = PBXGroup;
			children = (
				4817221B1E6EA25700184149 /* LYSInsetLabel */,
				4817221A1E6EA25700184149 /* Products */,
			);
			sourceTree = "<group>";
		};
		4817221A1E6EA25700184149 /* Products */ = {
			isa = PBXGroup;
			children = (
				481722191E6EA25700184149 /* LYSInsetLabel.app */,
			);
			name = Products;
			sourceTree = "<group>";
		};
		4817221B1E6EA25700184149 /* LYSInsetLabel */ = {
			isa = PBXGroup;
			children = (
				481722361E6EA28000184149 /* LYSInsetLabel */,
				4817221F1E6EA25700184149 /* AppDelegate.h */,
				481722201E6EA25700184149 /* AppDelegate.m */,
				481722221E6EA25700184149 /* MasterViewController.h */,
				481722231E6EA25700184149 /* MasterViewController.m */,
				481722251E6EA25700184149 /* DetailViewController.h */,
				481722261E6EA25700184149 /* DetailViewController.m */,
				481722281E6EA25700184149 /* Main.storyboard */,
				4817222B1E6EA25700184149 /* Assets.xcassets */,
				4817222D1E6EA25700184149 /* LaunchScreen.storyboard */,
				481722301E6EA25800184149 /* Info.plist */,
				4817221C1E6EA25700184149 /* Supporting Files */,
			);
			path = LYSInsetLabel;
			sourceTree = "<group>";
		};
		4817221C1E6EA25700184149 /* Supporting Files */ = {
			isa = PBXGroup;
			children = (
				4817221D1E6EA25700184149 /* main.m */,
			);
			name = "Supporting Files";
			sourceTree = "<group>";
		};
		481722361E6EA28000184149 /* LYSInsetLabel */ = {
			isa = PBXGroup;
			children = (
				481722371E6EA29100184149 /* LYSInsetLabel.h */,
				481722381E6EA29100184149 /* LYSInsetLabel.m */,
			);
			path = LYSInsetLabel;
			sourceTree = "<group>";
		};
/* End PBXGroup section */

/* Begin PBXNativeTarget section */
		481722181E6EA25700184149 /* LYSInsetLabel */ = {
			isa = PBXNativeTarget;
			buildConfigurationList = 481722331E6EA25800184149 /* Build configuration list for PBXNativeTarget "LYSInsetLabel" */;
			buildPhases = (
				481722151E6EA25700184149 /* Sources */,
				481722161E6EA25700184149 /* Frameworks */,
				481722171E6EA25700184149 /* Resources */,
			);
			buildRules = (
			);
			dependencies = (
			);
			name = LYSInsetLabel;
			productName = LYSInsetLabel;
			productReference = 481722191E6EA25700184149 /* LYSInsetLabel.app */;
			productType = "com.apple.product-type.application";
		};
/* End PBXNativeTarget section */

/* Begin PBXProject section */
		481722111E6EA25700184149 /* Project object */ = {
			isa = PBXProject;
			attributes = {
				LastUpgradeCheck = 0730;
				ORGANIZATIONNAME = Goldcard;
				TargetAttributes = {
					481722181E6EA25700184149 = {
						CreatedOnToolsVersion = 7.3.1;
					};
				};
			};
			buildConfigurationList = 481722141E6EA25700184149 /* Build configuration list for PBXProject "LYSInsetLabel" */;
			compatibilityVersion = "Xcode 3.2";
			developmentRegion = English;
			hasScannedForEncodings = 0;
			knownRegions = (
				en,
				Base,
			);
			mainGroup = 481722101E6EA25700184149;
			productRefGroup = 4817221A1E6EA25700184149 /* Products */;
			projectDirPath = "";
			projectRoot = "";
			targets = (
				481722181E6EA25700184149 /* LYSInsetLabel */,
			);
		};
/* End PBXProject section */

/* Begin PBXResourcesBuildPhase section */
		481722171E6EA25700184149 /* Resources */ = {
			isa = PBXResourcesBuildPhase;
			buildActionMask = 2147483647;
			files = (
				4817222F1E6EA25700184149 /* LaunchScreen.storyboard in Resources */,
				4817222C1E6EA25700184149 /* Assets.xcassets in Resources */,
				4817222A1E6EA25700184149 /* Main.storyboard in Resources */,
			);
			runOnlyForDeploymentPostprocessing = 0;
		};
/* End PBXResourcesBuildPhase section */

/* Begin PBXSourcesBuildPhase section */
		481722151E6EA25700184149 /* Sources */ = {
			isa = PBXSourcesBuildPhase;
			buildActionMask = 2147483647;
			files = (
				481722211E6EA25700184149 /* AppDelegate.m in Sources */,
				481722391E6EA29100184149 /* LYSInsetLabel.m in Sources */,
				481722241E6EA25700184149 /* MasterViewController.m in Sources */,
				4817221E1E6EA25700184149 /* main.m in Sources */,
				481722271E6EA25700184149 /* DetailViewController.m in Sources */,
			);
			runOnlyForDeploymentPostprocessing = 0;
		};
/* End PBXSourcesBuildPhase section */

/* Begin PBXVariantGroup section */
		481722281E6EA25700184149 /* Main.storyboard */ = {
			isa = PBXVariantGroup;
			children = (
				481722291E6EA25700184149 /* Base */,
			);
			name = Main.storyboard;
			sourceTree = "<group>";
		};
		4817222D1E6EA25700184149 /* LaunchScreen.storyboard */ = {
			isa = PBXVariantGroup;
			children = (
				4817222E1E6EA25700184149 /* Base */,
			);
			name = LaunchScreen.storyboard;
			sourceTree = "<group>";
		};
/* End PBXVariantGroup section */

/* Begin XCBuildConfiguration section */
		481722311E6EA25800184149 /* Debug */ = {
			isa = XCBuildConfiguration;
			buildSettings = {
				ALWAYS_SEARCH_USER_PATHS = NO;
				CLANG_ANALYZER_NONNULL = YES;
				CLANG_CXX_LANGUAGE_STANDARD = "gnu++0x";
				CLANG_CXX_LIBRARY = "libc++";
				CLANG_ENABLE_MODULES = YES;
				CLANG_ENABLE_OBJC_ARC = YES;
				CLANG_WARN_BOOL_CONVERSION = YES;
				CLANG_WARN_CONSTANT_CONVERSION = YES;
				CLANG_WARN_DIRECT_OBJC_ISA_USAGE = YES_ERROR;
				CLANG_WARN_EMPTY_BODY = YES;
				CLANG_WARN_ENUM_CONVERSION = YES;
				CLANG_WARN_INT_CONVERSION = YES;
				CLANG_WARN_OBJC_ROOT_CLASS = YES_ERROR;
				CLANG_WARN_UNREACHABLE_CODE = YES;
				CLANG_WARN__DUPLICATE_METHOD_MATCH = YES;
				"CODE_SIGN_IDENTITY[sdk=iphoneos*]" = "iPhone Developer";
				COPY_PHASE_STRIP = NO;
				DEBUG_INFORMATION_FORMAT = dwarf;
				ENABLE_STRICT_OBJC_MSGSEND = YES;
				ENABLE_TESTABILITY = YES;
				GCC_C_LANGUAGE_STANDARD = gnu99;
				GCC_DYNAMIC_NO_PIC = NO;
				GCC_NO_COMMON_BLOCKS = YES;
				GCC_OPTIMIZATION_LEVEL = 0;
				GCC_PREPROCESSOR_DEFINITIONS = (
					"DEBUG=1",
					"$(inherited)",
				);
				GCC_WARN_64_TO_32_BIT_CONVERSION = YES;
				GCC_WARN_ABOUT_RETURN_TYPE = YES_ERROR;
				GCC_WARN_UNDECLARED_SELECTOR = YES;
				GCC_WARN_UNINITIALIZED_AUTOS = YES_AGGRESSIVE;
				GCC_WARN_UNUSED_FUNCTION = YES;
				GCC_WARN_UNUSED_VARIABLE = YES;
				IPHONEOS_DEPLOYMENT_TARGET = 9.3;
				MTL_ENABLE_DEBUG_INFO = YES;
				ONLY_ACTIVE_ARCH = YES;
				SDKROOT = iphoneos;
				TARGETED_DEVICE_FAMILY = "1,2";
			};
			name = Debug;
		};
		481722321E6EA25800184149 /* Release */ = {
			isa = XCBuildConfiguration;
			buildSettings = {
				ALWAYS_SEARCH_USER_PATHS = NO;
				CLANG_ANALYZER_NONNULL = YES;
				CLANG_CXX_LANGUAGE_STANDARD = "gnu++0x";
				CLANG_CXX_LIBRARY = "libc++";
				CLANG_ENABLE_MODULES = YES;
				CLANG_ENABLE_OBJC_ARC = YES;
				CLANG_WARN_BOOL_CONVERSION = YES;
				CLANG_WARN_CONSTANT_CONVERSION = YES;
				CLANG_WARN_DIRECT_OBJC_ISA_USAGE = YES_ERROR;
				CLANG_WARN_EMPTY_BODY = YES;
				CLANG_WARN_ENUM_CONVERSION = YES;
				CLANG_WARN_INT_CONVERSION = YES;
				CLANG_WARN_OBJC_ROOT_CLASS = YES_ERROR;
				CLANG_WARN_UNREACHABLE_CODE = YES;
				CLANG_WARN__DUPLICATE_METHOD_MATCH = YES;
				"CODE_SIGN_IDENTITY[sdk=iphoneos*]" = "iPhone Developer";
				COPY_PHASE_STRIP = NO;
				DEBUG_INFORMATION_FORMAT = "dwarf-with-dsym";
				ENABLE_NS_ASSERTIONS = NO;
				ENABLE_STRICT_OBJC_MSGSEND = YES;
				GCC_C_LANGUAGE_STANDARD = gnu99;
				GCC_NO_COMMON_BLOCKS = YES;
				GCC_WARN_64_TO_32_BIT_CONVERSION = YES;
				GCC_WARN_ABOUT_RETURN_TYPE = YES_ERROR;
				GCC_WARN_UNDECLARED_SELECTOR = YES;
				GCC_WARN_UNINITIALIZED_AUTOS = YES_AGGRESSIVE;
				GCC_WARN_UNUSED_FUNCTION = YES;
				GCC_WARN_UNUSED_VARIABLE = YES;
				IPHONEOS_DEPLOYMENT_TARGET = 9.3;
				MTL_ENABLE_DEBUG_INFO = NO;
				SDKROOT = iphoneos;
				TARGETED_DEVICE_FAMILY = "1,2";
				VALIDATE_PRODUCT = YES;
			};
			name = Release;
		};
		481722341E6EA25800184149 /* Debug */ = {
			isa = XCBuildConfiguration;
			buildSettings = {
				ASSETCATALOG_COMPILER_APPICON_NAME = AppIcon;
				INFOPLIST_FILE = LYSInsetLabel/Info.plist;
				LD_RUNPATH_SEARCH_PATHS = "$(inherited) @executable_path/Frameworks";
				PRODUCT_BUNDLE_IDENTIFIER = com.lys.loadbutton.LYSInsetLabel;
				PRODUCT_NAME = "$(TARGET_NAME)";
			};
			name = Debug;
		};
		481722351E6EA25800184149 /* Release */ = {
			isa = XCBuildConfiguration;
			buildSettings = {
				ASSETCATALOG_COMPILER_APPICON_NAME = AppIcon;
				INFOPLIST_FILE = LYSInsetLabel/Info.plist;
				LD_RUNPATH_SEARCH_PATHS = "$(inherited) @executable_path/Frameworks";
				PRODUCT_BUNDLE_IDENTIFIER = com.lys.loadbutton.LYSInsetLabel;
				PRODUCT_NAME = "$(TARGET_NAME)";
			};
			name = Release;
		};
/* End XCBuildConfiguration section */

/* Begin XCConfigurationList section */
		481722141E6EA25700184149 /* Build configuration list for PBXProject "LYSInsetLabel" */ = {
			isa = XCConfigurationList;
			buildConfigurations = (
				481722311E6EA25800184149 /* Debug */,
				481722321E6EA25800184149 /* Release */,
			);
			defaultConfigurationIsVisible = 0;
			defaultConfigurationName = Release;
		};
		481722331E6EA25800184149 /* Build configuration list for PBXNativeTarget "LYSInsetLabel" */ = {
			isa = XCConfigurationList;
			buildConfigurations = (
				481722341E6EA25800184149 /* Debug */,
				481722351E6EA25800184149 /* Release */,
			);
			defaultConfigurationIsVisible = 0;
		};
/* End XCConfigurationList section */
	};
	rootObject = 481722111E6EA25700184149 /* Project object */;
}
